
Microsoft Visual Studio Solution File, Format Version 12.00
# Visual Studio Version 16
VisualStudioVersion = 16.0.28803.202
MinimumVisualStudioVersion = 10.0.40219.1
Project("{FAE04EC0-301F-11D3-BF4B-00C04F79EFBC}") = "ProjetoPrismMVVM", "ProjetoPrismMVVM\ProjetoPrismMVVM\ProjetoPrismMVVM.csproj", "{AED3BD7F-463F-46E3-A16E-5238C7FA4666}"
EndProject
Project("{FAE04EC0-301F-11D3-BF4B-00C04F79EFBC}") = "ProjetoPrismMVVM.Android", "ProjetoPrismMVVM\ProjetoPrismMVVM.Android\ProjetoPrismMVVM.Android.csproj", "{E5677358-35E6-45FA-9CA4-88457970B7A6}"
EndProject
Project("{FAE04EC0-301F-11D3-BF4B-00C04F79EFBC}") = "ProjetoPrismMVVM.iOS", "ProjetoPrismMVVM\ProjetoPrismMVVM.iOS\ProjetoPrismMVVM.iOS.csproj", "{6D42A5FD-5E4A-41DA-83F6-F66A56C883EE}"
EndProject
Project("{FAE04EC0-301F-11D3-BF4B-00C04F79EFBC}") = "ProjetoPrismMVVM.UWP", "ProjetoPrismMVVM\ProjetoPrismMVVM.UWP\ProjetoPrismMVVM.UWP.csproj", "{6FE0B558-271C-4B22-930F-2D4FF7971653}"
EndProject
Global
	GlobalSection(SolutionConfigurationPlatforms) = preSolution
		Ad-Hoc|Any CPU = Ad-Hoc|Any CPU
		Ad-Hoc|ARM = Ad-Hoc|ARM
		Ad-Hoc|iPhone = Ad-Hoc|iPhone
		Ad-Hoc|iPhoneSimulator = Ad-Hoc|iPhoneSimulator
		Ad-Hoc|x64 = Ad-Hoc|x64
		Ad-Hoc|x86 = Ad-Hoc|x86
		AppStore|Any CPU = AppStore|Any CPU
		AppStore|ARM = AppStore|ARM
		AppStore|iPhone = AppStore|iPhone
		AppStore|iPhoneSimulator = AppStore|iPhoneSimulator
		AppStore|x64 = AppStore|x64
		AppStore|x86 = AppStore|x86
		Debug|Any CPU = Debug|Any CPU
		Debug|ARM = Debug|ARM
		Debug|iPhone = Debug|iPhone
		Debug|iPhoneSimulator = Debug|iPhoneSimulator
		Debug|x64 = Debug|x64
		Debug|x86 = Debug|x86
		Release|Any CPU = Release|Any CPU
		Release|ARM = Release|ARM
		Release|iPhone = Release|iPhone
		Release|iPhoneSimulator = Release|iPhoneSimulator
		Release|x64 = Release|x64
		Release|x86 = Release|x86
	EndGlobalSection
	GlobalSection(ProjectConfigurationPlatforms) = postSolution
		{AED3BD7F-463F-46E3-A16E-5238C7FA4666}.Ad-Hoc|Any CPU.ActiveCfg = Debug|Any CPU
		{AED3BD7F-463F-46E3-A16E-5238C7FA4666}.Ad-Hoc|Any CPU.Build.0 = Debug|Any CPU
		{AED3BD7F-463F-46E3-A16E-5238C7FA4666}.Ad-Hoc|ARM.ActiveCfg = Debug|Any CPU
		{AED3BD7F-463F-46E3-A16E-5238C7FA4666}.Ad-Hoc|ARM.Build.0 = Debug|Any CPU
		{AED3BD7F-463F-46E3-A16E-5238C7FA4666}.Ad-Hoc|iPhone.ActiveCfg = Debug|Any CPU
		{AED3BD7F-463F-46E3-A16E-5238C7FA4666}.Ad-Hoc|iPhone.Build.0 = Debug|Any CPU
		{AED3BD7F-463F-46E3-A16E-5238C7FA4666}.Ad-Hoc|iPhoneSimulator.ActiveCfg = Debug|Any CPU
		{AED3BD7F-463F-46E3-A16E-5238C7FA4666}.Ad-Hoc|iPhoneSimulator.Build.0 = Debug|Any CPU
		{AED3BD7F-463F-46E3-A16E-5238C7FA4666}.Ad-Hoc|x64.ActiveCfg = Debug|Any CPU
		{AED3BD7F-463F-46E3-A16E-5238C7FA4666}.Ad-Hoc|x64.Build.0 = Debug|Any CPU
		{AED3BD7F-463F-46E3-A16E-5238C7FA4666}.Ad-Hoc|x86.ActiveCfg = Debug|Any CPU
		{AED3BD7F-463F-46E3-A16E-5238C7FA4666}.Ad-Hoc|x86.Build.0 = Debug|Any CPU
		{AED3BD7F-463F-46E3-A16E-5238C7FA4666}.AppStore|Any CPU.ActiveCfg = Debug|Any CPU
		{AED3BD7F-463F-46E3-A16E-5238C7FA4666}.AppStore|Any CPU.Build.0 = Debug|Any CPU
		{AED3BD7F-463F-46E3-A16E-5238C7FA4666}.AppStore|ARM.ActiveCfg = Debug|Any CPU
		{AED3BD7F-463F-46E3-A16E-5238C7FA4666}.AppStore|ARM.Build.0 = Debug|Any CPU
		{AED3BD7F-463F-46E3-A16E-5238C7FA4666}.AppStore|iPhone.ActiveCfg = Debug|Any CPU
		{AED3BD7F-463F-46E3-A16E-5238C7FA4666}.AppStore|iPhone.Build.0 = Debug|Any CPU
		{AED3BD7F-463F-46E3-A16E-5238C7FA4666}.AppStore|iPhoneSimulator.ActiveCfg = Debug|Any CPU
		{AED3BD7F-463F-46E3-A16E-5238C7FA4666}.AppStore|iPhoneSimulator.Build.0 = Debug|Any CPU
		{AED3BD7F-463F-46E3-A16E-5238C7FA4666}.AppStore|x64.ActiveCfg = Debug|Any CPU
		{AED3BD7F-463F-46E3-A16E-5238C7FA4666}.AppStore|x64.Build.0 = Debug|Any CPU
		{AED3BD7F-463F-46E3-A16E-5238C7FA4666}.AppStore|x86.ActiveCfg = Debug|Any CPU
		{AED3BD7F-463F-46E3-A16E-5238C7FA4666}.AppStore|x86.Build.0 = Debug|Any CPU
		{AED3BD7F-463F-46E3-A16E-5238C7FA4666}.Debug|Any CPU.ActiveCfg = Debug|Any CPU
		{AED3BD7F-463F-46E3-A16E-5238C7FA4666}.Debug|Any CPU.Build.0 = Debug|Any CPU
		{AED3BD7F-463F-46E3-A16E-5238C7FA4666}.Debug|ARM.ActiveCfg = Debug|Any CPU
		{AED3BD7F-463F-46E3-A16E-5238C7FA4666}.Debug|ARM.Build.0 = Debug|Any CPU
		{AED3BD7F-463F-46E3-A16E-5238C7FA4666}.Debug|iPhone.ActiveCfg = Debug|Any CPU
		{AED3BD7F-463F-46E3-A16E-5238C7FA4666}.Debug|iPhone.Build.0 = Debug|Any CPU
		{AED3BD7F-463F-46E3-A16E-5238C7FA4666}.Debug|iPhoneSimulator.ActiveCfg = Debug|Any CPU
		{AED3BD7F-463F-46E3-A16E-5238C7FA4666}.Debug|iPhoneSimulator.Build.0 = Debug|Any CPU
		{AED3BD7F-463F-46E3-A16E-5238C7FA4666}.Debug|x64.ActiveCfg = Debug|Any CPU
		{AED3BD7F-463F-46E3-A16E-5238C7FA4666}.Debug|x64.Build.0 = Debug|Any CPU
		{AED3BD7F-463F-46E3-A16E-5238C7FA4666}.Debug|x86.ActiveCfg = Debug|Any CPU
		{AED3BD7F-463F-46E3-A16E-5238C7FA4666}.Debug|x86.Build.0 = Debug|Any CPU
		{AED3BD7F-463F-46E3-A16E-5238C7FA4666}.Release|Any CPU.ActiveCfg = Release|Any CPU
		{AED3BD7F-463F-46E3-A16E-5238C7FA4666}.Release|Any CPU.Build.0 = Release|Any CPU
		{AED3BD7F-463F-46E3-A16E-5238C7FA4666}.Release|ARM.ActiveCfg = Release|Any CPU
		{AED3BD7F-463F-46E3-A16E-5238C7FA4666}.Release|ARM.Build.0 = Release|Any CPU
		{AED3BD7F-463F-46E3-A16E-5238C7FA4666}.Release|iPhone.ActiveCfg = Release|Any CPU
		{AED3BD7F-463F-46E3-A16E-5238C7FA4666}.Release|iPhone.Build.0 = Release|Any CPU
		{AED3BD7F-463F-46E3-A16E-5238C7FA4666}.Release|iPhoneSimulator.ActiveCfg = Release|Any CPU
		{AED3BD7F-463F-46E3-A16E-5238C7FA4666}.Release|iPhoneSimulator.Build.0 = Release|Any CPU
		{AED3BD7F-463F-46E3-A16E-5238C7FA4666}.Release|x64.ActiveCfg = Release|Any CPU
		{AED3BD7F-463F-46E3-A16E-5238C7FA4666}.Release|x64.Build.0 = Release|Any CPU
		{AED3BD7F-463F-46E3-A16E-5238C7FA4666}.Release|x86.ActiveCfg = Release|Any CPU
		{AED3BD7F-463F-46E3-A16E-5238C7FA4666}.Release|x86.Build.0 = Release|Any CPU
		{E5677358-35E6-45FA-9CA4-88457970B7A6}.Ad-Hoc|Any CPU.ActiveCfg = Release|Any CPU
		{E5677358-35E6-45FA-9CA4-88457970B7A6}.Ad-Hoc|Any CPU.Build.0 = Release|Any CPU
		{E5677358-35E6-45FA-9CA4-88457970B7A6}.Ad-Hoc|Any CPU.Deploy.0 = Release|Any CPU
		{E5677358-35E6-45FA-9CA4-88457970B7A6}.Ad-Hoc|ARM.ActiveCfg = Release|Any CPU
		{E5677358-35E6-45FA-9CA4-88457970B7A6}.Ad-Hoc|ARM.Build.0 = Release|Any CPU
		{E5677358-35E6-45FA-9CA4-88457970B7A6}.Ad-Hoc|ARM.Deploy.0 = Release|Any CPU
		{E5677358-35E6-45FA-9CA4-88457970B7A6}.Ad-Hoc|iPhone.ActiveCfg = Release|Any CPU
		{E5677358-35E6-45FA-9CA4-88457970B7A6}.Ad-Hoc|iPhone.Build.0 = Release|Any CPU
		{E5677358-35E6-45FA-9CA4-88457970B7A6}.Ad-Hoc|iPhone.Deploy.0 = Release|Any CPU
		{E5677358-35E6-45FA-9CA4-88457970B7A6}.Ad-Hoc|iPhoneSimulator.ActiveCfg = Release|Any CPU
		{E5677358-35E6-45FA-9CA4-88457970B7A6}.Ad-Hoc|iPhoneSimulator.Build.0 = Release|Any CPU
		{E5677358-35E6-45FA-9CA4-88457970B7A6}.Ad-Hoc|iPhoneSimulator.Deploy.0 = Release|Any CPU
		{E5677358-35E6-45FA-9CA4-88457970B7A6}.Ad-Hoc|x64.ActiveCfg = Release|Any CPU
		{E5677358-35E6-45FA-9CA4-88457970B7A6}.Ad-Hoc|x64.Build.0 = Release|Any CPU
		{E5677358-35E6-45FA-9CA4-88457970B7A6}.Ad-Hoc|x64.Deploy.0 = Release|Any CPU
		{E5677358-35E6-45FA-9CA4-88457970B7A6}.Ad-Hoc|x86.ActiveCfg = Release|Any CPU
		{E5677358-35E6-45FA-9CA4-88457970B7A6}.Ad-Hoc|x86.Build.0 = Release|Any CPU
		{E5677358-35E6-45FA-9CA4-88457970B7A6}.Ad-Hoc|x86.Deploy.0 = Release|Any CPU
		{E5677358-35E6-45FA-9CA4-88457970B7A6}.AppStore|Any CPU.ActiveCfg = Release|Any CPU
		{E5677358-35E6-45FA-9CA4-88457970B7A6}.AppStore|Any CPU.Build.0 = Release|Any CPU
		{E5677358-35E6-45FA-9CA4-88457970B7A6}.AppStore|Any CPU.Deploy.0 = Release|Any CPU
		{E5677358-35E6-45FA-9CA4-88457970B7A6}.AppStore|ARM.ActiveCfg = Release|Any CPU
		{E5677358-35E6-45FA-9CA4-88457970B7A6}.AppStore|ARM.Build.0 = Release|Any CPU
		{E5677358-35E6-45FA-9CA4-88457970B7A6}.AppStore|ARM.Deploy.0 = Release|Any CPU
		{E5677358-35E6-45FA-9CA4-88457970B7A6}.AppStore|iPhone.ActiveCfg = Release|Any CPU
		{E5677358-35E6-45FA-9CA4-88457970B7A6}.AppStore|iPhone.Build.0 = Release|Any CPU
		{E5677358-35E6-45FA-9CA4-88457970B7A6}.AppStore|iPhone.Deploy.0 = Release|Any CPU
		{E5677358-35E6-45FA-9CA4-88457970B7A6}.AppStore|iPhoneSimulator.ActiveCfg = Release|Any CPU
		{E5677358-35E6-45FA-9CA4-88457970B7A6}.AppStore|iPhoneSimulator.Build.0 = Release|Any CPU
		{E5677358-35E6-45FA-9CA4-88457970B7A6}.AppStore|iPhoneSimulator.Deploy.0 = Release|Any CPU
		{E5677358-35E6-45FA-9CA4-88457970B7A6}.AppStore|x64.ActiveCfg = Release|Any CPU
		{E5677358-35E6-45FA-9CA4-88457970B7A6}.AppStore|x64.Build.0 = Release|Any CPU
		{E5677358-35E6-45FA-9CA4-88457970B7A6}.AppStore|x64.Deploy.0 = Release|Any CPU
		{E5677358-35E6-45FA-9CA4-88457970B7A6}.AppStore|x86.ActiveCfg = Release|Any CPU
		{E5677358-35E6-45FA-9CA4-88457970B7A6}.AppStore|x86.Build.0 = Release|Any CPU
		{E5677358-35E6-45FA-9CA4-88457970B7A6}.AppStore|x86.Deploy.0 = Release|Any CPU
		{E5677358-35E6-45FA-9CA4-88457970B7A6}.Debug|Any CPU.ActiveCfg = Debug|Any CPU
		{E5677358-35E6-45FA-9CA4-88457970B7A6}.Debug|Any CPU.Build.0 = Debug|Any CPU
		{E5677358-35E6-45FA-9CA4-88457970B7A6}.Debug|Any CPU.Deploy.0 = Debug|Any CPU
		{E5677358-35E6-45FA-9CA4-88457970B7A6}.Debug|ARM.ActiveCfg = Debug|Any CPU
		{E5677358-35E6-45FA-9CA4-88457970B7A6}.Debug|ARM.Build.0 = Debug|Any CPU
		{E5677358-35E6-45FA-9CA4-88457970B7A6}.Debug|ARM.Deploy.0 = Debug|Any CPU
		{E5677358-35E6-45FA-9CA4-88457970B7A6}.Debug|iPhone.ActiveCfg = Debug|Any CPU
		{E5677358-35E6-45FA-9CA4-88457970B7A6}.Debug|iPhone.Build.0 = Debug|Any CPU
		{E5677358-35E6-45FA-9CA4-88457970B7A6}.Debug|iPhone.Deploy.0 = Debug|Any CPU
		{E5677358-35E6-45FA-9CA4-88457970B7A6}.Debug|iPhoneSimulator.ActiveCfg = Debug|Any CPU
		{E5677358-35E6-45FA-9CA4-88457970B7A6}.Debug|iPhoneSimulator.Build.0 = Debug|Any CPU
		{E5677358-35E6-45FA-9CA4-88457970B7A6}.Debug|iPhoneSimulator.Deploy.0 = Debug|Any CPU
		{E5677358-35E6-45FA-9CA4-88457970B7A6}.Debug|x64.ActiveCfg = Debug|Any CPU
		{E5677358-35E6-45FA-9CA4-88457970B7A6}.Debug|x64.Build.0 = Debug|Any CPU
		{E5677358-35E6-45FA-9CA4-88457970B7A6}.Debug|x64.Deploy.0 = Debug|Any CPU
		{E5677358-35E6-45FA-9CA4-88457970B7A6}.Debug|x86.ActiveCfg = Debug|Any CPU
		{E5677358-35E6-45FA-9CA4-88457970B7A6}.Debug|x86.Build.0 = Debug|Any CPU
		{E5677358-35E6-45FA-9CA4-88457970B7A6}.Debug|x86.Deploy.0 = Debug|Any CPU
		{E5677358-35E6-45FA-9CA4-88457970B7A6}.Release|Any CPU.ActiveCfg = Release|Any CPU
		{E5677358-35E6-45FA-9CA4-88457970B7A6}.Release|Any CPU.Build.0 = Release|Any CPU
		{E5677358-35E6-45FA-9CA4-88457970B7A6}.Release|Any CPU.Deploy.0 = Release|Any CPU
		{E5677358-35E6-45FA-9CA4-88457970B7A6}.Release|ARM.ActiveCfg = Release|Any CPU
		{E5677358-35E6-45FA-9CA4-88457970B7A6}.Release|ARM.Build.0 = Release|Any CPU
		{E5677358-35E6-45FA-9CA4-88457970B7A6}.Release|ARM.Deploy.0 = Release|Any CPU
		{E5677358-35E6-45FA-9CA4-88457970B7A6}.Release|iPhone.ActiveCfg = Release|Any CPU
		{E5677358-35E6-45FA-9CA4-88457970B7A6}.Release|iPhone.Build.0 = Release|Any CPU
		{E5677358-35E6-45FA-9CA4-88457970B7A6}.Release|iPhone.Deploy.0 = Release|Any CPU
		{E5677358-35E6-45FA-9CA4-88457970B7A6}.Release|iPhoneSimulator.ActiveCfg = Release|Any CPU
		{E5677358-35E6-45FA-9CA4-88457970B7A6}.Release|iPhoneSimulator.Build.0 = Release|Any CPU
		{E5677358-35E6-45FA-9CA4-88457970B7A6}.Release|iPhoneSimulator.Deploy.0 = Release|Any CPU
		{E5677358-35E6-45FA-9CA4-88457970B7A6}.Release|x64.ActiveCfg = Release|Any CPU
		{E5677358-35E6-45FA-9CA4-88457970B7A6}.Release|x64.Build.0 = Release|Any CPU
		{E5677358-35E6-45FA-9CA4-88457970B7A6}.Release|x64.Deploy.0 = Release|Any CPU
		{E5677358-35E6-45FA-9CA4-88457970B7A6}.Release|x86.ActiveCfg = Release|Any CPU
		{E5677358-35E6-45FA-9CA4-88457970B7A6}.Release|x86.Build.0 = Release|Any CPU
		{E5677358-35E6-45FA-9CA4-88457970B7A6}.Release|x86.Deploy.0 = Release|Any CPU
		{6D42A5FD-5E4A-41DA-83F6-F66A56C883EE}.Ad-Hoc|Any CPU.ActiveCfg = Ad-Hoc|iPhone
		{6D42A5FD-5E4A-41DA-83F6-F66A56C883EE}.Ad-Hoc|ARM.ActiveCfg = Ad-Hoc|iPhone
		{6D42A5FD-5E4A-41DA-83F6-F66A56C883EE}.Ad-Hoc|iPhone.ActiveCfg = Ad-Hoc|iPhone
		{6D42A5FD-5E4A-41DA-83F6-F66A56C883EE}.Ad-Hoc|iPhone.Build.0 = Ad-Hoc|iPhone
		{6D42A5FD-5E4A-41DA-83F6-F66A56C883EE}.Ad-Hoc|iPhoneSimulator.ActiveCfg = Ad-Hoc|iPhoneSimulator
		{6D42A5FD-5E4A-41DA-83F6-F66A56C883EE}.Ad-Hoc|iPhoneSimulator.Build.0 = Ad-Hoc|iPhoneSimulator
		{6D42A5FD-5E4A-41DA-83F6-F66A56C883EE}.Ad-Hoc|x64.ActiveCfg = Ad-Hoc|iPhone
		{6D42A5FD-5E4A-41DA-83F6-F66A56C883EE}.Ad-Hoc|x86.ActiveCfg = Ad-Hoc|iPhone
		{6D42A5FD-5E4A-41DA-83F6-F66A56C883EE}.AppStore|Any CPU.ActiveCfg = AppStore|iPhone
		{6D42A5FD-5E4A-41DA-83F6-F66A56C883EE}.AppStore|ARM.ActiveCfg = AppStore|iPhone
		{6D42A5FD-5E4A-41DA-83F6-F66A56C883EE}.AppStore|iPhone.ActiveCfg = AppStore|iPhone
		{6D42A5FD-5E4A-41DA-83F6-F66A56C883EE}.AppStore|iPhone.Build.0 = AppStore|iPhone
		{6D42A5FD-5E4A-41DA-83F6-F66A56C883EE}.AppStore|iPhoneSimulator.ActiveCfg = AppStore|iPhoneSimulator
		{6D42A5FD-5E4A-41DA-83F6-F66A56C883EE}.AppStore|iPhoneSimulator.Build.0 = AppStore|iPhoneSimulator
		{6D42A5FD-5E4A-41DA-83F6-F66A56C883EE}.AppStore|x64.ActiveCfg = AppStore|iPhone
		{6D42A5FD-5E4A-41DA-83F6-F66A56C883EE}.AppStore|x86.ActiveCfg = AppStore|iPhone
		{6D42A5FD-5E4A-41DA-83F6-F66A56C883EE}.Debug|Any CPU.ActiveCfg = Debug|iPhone
		{6D42A5FD-5E4A-41DA-83F6-F66A56C883EE}.Debug|ARM.ActiveCfg = Debug|iPhone
		{6D42A5FD-5E4A-41DA-83F6-F66A56C883EE}.Debug|iPhone.ActiveCfg = Debug|iPhone
		{6D42A5FD-5E4A-41DA-83F6-F66A56C883EE}.Debug|iPhone.Build.0 = Debug|iPhone
		{6D42A5FD-5E4A-41DA-83F6-F66A56C883EE}.Debug|iPhoneSimulator.ActiveCfg = Debug|iPhoneSimulator
		{6D42A5FD-5E4A-41DA-83F6-F66A56C883EE}.Debug|iPhoneSimulator.Build.0 = Debug|iPhoneSimulator
		{6D42A5FD-5E4A-41DA-83F6-F66A56C883EE}.Debug|x64.ActiveCfg = Debug|iPhone
		{6D42A5FD-5E4A-41DA-83F6-F66A56C883EE}.Debug|x86.ActiveCfg = Debug|iPhone
		{6D42A5FD-5E4A-41DA-83F6-F66A56C883EE}.Release|Any CPU.ActiveCfg = Release|iPhone
		{6D42A5FD-5E4A-41DA-83F6-F66A56C883EE}.Release|ARM.ActiveCfg = Release|iPhone
		{6D42A5FD-5E4A-41DA-83F6-F66A56C883EE}.Release|iPhone.ActiveCfg = Release|iPhone
		{6D42A5FD-5E4A-41DA-83F6-F66A56C883EE}.Release|iPhone.Build.0 = Release|iPhone
		{6D42A5FD-5E4A-41DA-83F6-F66A56C883EE}.Release|iPhoneSimulator.ActiveCfg = Release|iPhoneSimulator
		{6D42A5FD-5E4A-41DA-83F6-F66A56C883EE}.Release|iPhoneSimulator.Build.0 = Release|iPhoneSimulator
		{6D42A5FD-5E4A-41DA-83F6-F66A56C883EE}.Release|x64.ActiveCfg = Release|iPhone
		{6D42A5FD-5E4A-41DA-83F6-F66A56C883EE}.Release|x86.ActiveCfg = Release|iPhone
		{6FE0B558-271C-4B22-930F-2D4FF7971653}.Ad-Hoc|Any CPU.ActiveCfg = Release|x86
		{6FE0B558-271C-4B22-930F-2D4FF7971653}.Ad-Hoc|Any CPU.Build.0 = Release|x86
		{6FE0B558-271C-4B22-930F-2D4FF7971653}.Ad-Hoc|Any CPU.Deploy.0 = Release|x86
		{6FE0B558-271C-4B22-930F-2D4FF7971653}.Ad-Hoc|ARM.ActiveCfg = Release|ARM
		{6FE0B558-271C-4B22-930F-2D4FF7971653}.Ad-Hoc|ARM.Build.0 = Release|ARM
		{6FE0B558-271C-4B22-930F-2D4FF7971653}.Ad-Hoc|ARM.Deploy.0 = Release|ARM
		{6FE0B558-271C-4B22-930F-2D4FF7971653}.Ad-Hoc|iPhone.ActiveCfg = Release|x86
		{6FE0B558-271C-4B22-930F-2D4FF7971653}.Ad-Hoc|iPhone.Build.0 = Release|x86
		{6FE0B558-271C-4B22-930F-2D4FF7971653}.Ad-Hoc|iPhone.Deploy.0 = Release|x86
		{6FE0B558-271C-4B22-930F-2D4FF7971653}.Ad-Hoc|iPhoneSimulator.ActiveCfg = Release|x86
		{6FE0B558-271C-4B22-930F-2D4FF7971653}.Ad-Hoc|iPhoneSimulator.Build.0 = Release|x86
		{6FE0B558-271C-4B22-930F-2D4FF7971653}.Ad-Hoc|iPhoneSimulator.Deploy.0 = Release|x86
		{6FE0B558-271C-4B22-930F-2D4FF7971653}.Ad-Hoc|x64.ActiveCfg = Release|x64
		{6FE0B558-271C-4B22-930F-2D4FF7971653}.Ad-Hoc|x64.Build.0 = Release|x64
		{6FE0B558-271C-4B22-930F-2D4FF7971653}.Ad-Hoc|x64.Deploy.0 = Release|x64
		{6FE0B558-271C-4B22-930F-2D4FF7971653}.Ad-Hoc|x86.ActiveCfg = Release|x86
		{6FE0B558-271C-4B22-930F-2D4FF7971653}.Ad-Hoc|x86.Build.0 = Release|x86
		{6FE0B558-271C-4B22-930F-2D4FF7971653}.Ad-Hoc|x86.Deploy.0 = Release|x86
		{6FE0B558-271C-4B22-930F-2D4FF7971653}.AppStore|Any CPU.ActiveCfg = Release|x86
		{6FE0B558-271C-4B22-930F-2D4FF7971653}.AppStore|Any CPU.Build.0 = Release|x86
		{6FE0B558-271C-4B22-930F-2D4FF7971653}.AppStore|Any CPU.Deploy.0 = Release|x86
		{6FE0B558-271C-4B22-930F-2D4FF7971653}.AppStore|ARM.ActiveCfg = Release|ARM
		{6FE0B558-271C-4B22-930F-2D4FF7971653}.AppStore|ARM.Build.0 = Release|ARM
		{6FE0B558-271C-4B22-930F-2D4FF7971653}.AppStore|ARM.Deploy.0 = Release|ARM
		{6FE0B558-271C-4B22-930F-2D4FF7971653}.AppStore|iPhone.ActiveCfg = Release|x86
		{6FE0B558-271C-4B22-930F-2D4FF7971653}.AppStore|iPhone.Build.0 = Release|x86
		{6FE0B558-271C-4B22-930F-2D4FF7971653}.AppStore|iPhone.Deploy.0 = Release|x86
		{6FE0B558-271C-4B22-930F-2D4FF7971653}.AppStore|iPhoneSimulator.ActiveCfg = Release|x86
		{6FE0B558-271C-4B22-930F-2D4FF7971653}.AppStore|iPhoneSimulator.Build.0 = Release|x86
		{6FE0B558-271C-4B22-930F-2D4FF7971653}.AppStore|iPhoneSimulator.Deploy.0 = Release|x86
		{6FE0B558-271C-4B22-930F-2D4FF7971653}.AppStore|x64.ActiveCfg = Release|x64
		{6FE0B558-271C-4B22-930F-2D4FF7971653}.AppStore|x64.Build.0 = Release|x64
		{6FE0B558-271C-4B22-930F-2D4FF7971653}.AppStore|x64.Deploy.0 = Release|x64
		{6FE0B558-271C-4B22-930F-2D4FF7971653}.AppStore|x86.ActiveCfg = Release|x86
		{6FE0B558-271C-4B22-930F-2D4FF7971653}.AppStore|x86.Build.0 = Release|x86
		{6FE0B558-271C-4B22-930F-2D4FF7971653}.AppStore|x86.Deploy.0 = Release|x86
		{6FE0B558-271C-4B22-930F-2D4FF7971653}.Debug|Any CPU.ActiveCfg = Debug|x86
		{6FE0B558-271C-4B22-930F-2D4FF7971653}.Debug|ARM.ActiveCfg = Debug|ARM
		{6FE0B558-271C-4B22-930F-2D4FF7971653}.Debug|ARM.Build.0 = Debug|ARM
		{6FE0B558-271C-4B22-930F-2D4FF7971653}.Debug|ARM.Deploy.0 = Debug|ARM
		{6FE0B558-271C-4B22-930F-2D4FF7971653}.Debug|iPhone.ActiveCfg = Debug|x86
		{6FE0B558-271C-4B22-930F-2D4FF7971653}.Debug|iPhoneSimulator.ActiveCfg = Debug|x86
		{6FE0B558-271C-4B22-930F-2D4FF7971653}.Debug|x64.ActiveCfg = Debug|x64
		{6FE0B558-271C-4B22-930F-2D4FF7971653}.Debug|x64.Build.0 = Debug|x64
		{6FE0B558-271C-4B22-930F-2D4FF7971653}.Debug|x64.Deploy.0 = Debug|x64
		{6FE0B558-271C-4B22-930F-2D4FF7971653}.Debug|x86.ActiveCfg = Debug|x86
		{6FE0B558-271C-4B22-930F-2D4FF7971653}.Debug|x86.Build.0 = Debug|x86
		{6FE0B558-271C-4B22-930F-2D4FF7971653}.Debug|x86.Deploy.0 = Debug|x86
		{6FE0B558-271C-4B22-930F-2D4FF7971653}.Release|Any CPU.ActiveCfg = Release|x86
		{6FE0B558-271C-4B22-930F-2D4FF7971653}.Release|ARM.ActiveCfg = Release|ARM
		{6FE0B558-271C-4B22-930F-2D4FF7971653}.Release|ARM.Build.0 = Release|ARM
		{6FE0B558-271C-4B22-930F-2D4FF7971653}.Release|ARM.Deploy.0 = Release|ARM
		{6FE0B558-271C-4B22-930F-2D4FF7971653}.Release|iPhone.ActiveCfg = Release|x86
		{6FE0B558-271C-4B22-930F-2D4FF7971653}.Release|iPhoneSimulator.ActiveCfg = Release|x86
		{6FE0B558-271C-4B22-930F-2D4FF7971653}.Release|x64.ActiveCfg = Release|x64
		{6FE0B558-271C-4B22-930F-2D4FF7971653}.Release|x64.Build.0 = Release|x64
		{6FE0B558-271C-4B22-930F-2D4FF7971653}.Release|x64.Deploy.0 = Release|x64
		{6FE0B558-271C-4B22-930F-2D4FF7971653}.Release|x86.ActiveCfg = Release|x86
		{6FE0B558-271C-4B22-930F-2D4FF7971653}.Release|x86.Build.0 = Release|x86
		{6FE0B558-271C-4B22-930F-2D4FF7971653}.Release|x86.Deploy.0 = Release|x86
	EndGlobalSection
	GlobalSection(SolutionProperties) = preSolution
		HideSolutionNode = FALSE
	EndGlobalSection
	GlobalSection(ExtensibilityGlobals) = postSolution
		SolutionGuid = {25FBBB44-2B23-463F-9392-3DAA33121533}
	EndGlobalSection
EndGlobal
